
Microsoft Visual Studio Solution File, Format Version 12.00
# Visual Studio Version 16
VisualStudioVersion = 16.0.29424.173
MinimumVisualStudioVersion = 10.0.40219.1
Project("{FAE04EC0-301F-11D3-BF4B-00C04F79EFBC}") = "WIN_LOCK", "win_lock_test\WIN_LOCK.csproj", "{23806BE9-7F67-4B0F-9870-980E0333AC29}"
EndProject
Global
	GlobalSection(SolutionConfigurationPlatforms) = preSolution
		Debug|Any CPU = Debug|Any CPU
		Release|Any CPU = Release|Any CPU
	EndGlobalSection
	GlobalSection(ProjectConfigurationPlatforms) = postSolution
		{23806BE9-7F67-4B0F-9870-980E0333AC29}.Debug|Any CPU.ActiveCfg = Debug|Any CPU
		{23806BE9-7F67-4B0F-9870-980E0333AC29}.Debug|Any CPU.Build.0 = Debug|Any CPU
		{23806BE9-7F67-4B0F-9870-980E0333AC29}.Release|Any CPU.ActiveCfg = Release|Any CPU
		{23806BE9-7F67-4B0F-9870-980E0333AC29}.Release|Any CPU.Build.0 = Release|Any CPU
	EndGlobalSection
	GlobalSection(SolutionProperties) = preSolution
		HideSolutionNode = FALSE
	EndGlobalSection
	GlobalSection(ExtensibilityGlobals) = postSolution
		SolutionGuid = {FC3C9A15-EE6B-4D70-B13E-832565FDEB83}
	EndGlobalSection
EndGlobal
